
Microsoft Visual Studio Solution File, Format Version 12.00
# Visual Studio Version 16
VisualStudioVersion = 16.0.32106.194
MinimumVisualStudioVersion = 10.0.40219.1
Project("{FAE04EC0-301F-11D3-BF4B-00C04F79EFBC}") = "WPF.FinalTask", "WPF.FinalTask\WPF.FinalTask.csproj", "{AAF23FAB-86E9-4D32-BE26-5C7B20911C47}"
EndProject
Global
	GlobalSection(SolutionConfigurationPlatforms) = preSolution
		Debug|Any CPU = Debug|Any CPU
		Release|Any CPU = Release|Any CPU
	EndGlobalSection
	GlobalSection(ProjectConfigurationPlatforms) = postSolution
		{AAF23FAB-86E9-4D32-BE26-5C7B20911C47}.Debug|Any CPU.ActiveCfg = Debug|Any CPU
		{AAF23FAB-86E9-4D32-BE26-5C7B20911C47}.Debug|Any CPU.Build.0 = Debug|Any CPU
		{AAF23FAB-86E9-4D32-BE26-5C7B20911C47}.Release|Any CPU.ActiveCfg = Release|Any CPU
		{AAF23FAB-86E9-4D32-BE26-5C7B20911C47}.Release|Any CPU.Build.0 = Release|Any CPU
	EndGlobalSection
	GlobalSection(SolutionProperties) = preSolution
		HideSolutionNode = FALSE
	EndGlobalSection
	GlobalSection(ExtensibilityGlobals) = postSolution
		SolutionGuid = {46B514A7-8E70-433C-A126-93C3E9D00987}
	EndGlobalSection
EndGlobal
